
Microsoft Visual Studio Solution File, Format Version 12.00
# Visual Studio Version 17
VisualStudioVersion = 17.14.37012.4
MinimumVisualStudioVersion = 10.0.40219.1
Project("{2150E333-8FDC-42A3-9474-1A3956D46DE8}") = "1", "1", "{02EA681E-C7D8-13C7-8484-4AC65E1B71E8}"
EndProject
Project("{8BC9CEB8-8B4A-11D0-8D11-00A0C91BC942}") = "1.1", "1\1.1\1.1.vcxproj", "{7A73B4CD-A060-4C04-93B5-AB438421B7F5}"
EndProject
Project("{8BC9CEB8-8B4A-11D0-8D11-00A0C91BC942}") = "1.2", "1\1.2\1.2.vcxproj", "{D2A58C4B-E648-4EDA-AB6E-6649AB35E44D}"
EndProject
Project("{8BC9CEB8-8B4A-11D0-8D11-00A0C91BC942}") = "1.3", "1\1.3\1.3.vcxproj", "{5969061C-93DF-4784-A58A-13848405E6C3}"
EndProject
Project("{8BC9CEB8-8B4A-11D0-8D11-00A0C91BC942}") = "1.4", "1\1.4\1.4.vcxproj", "{92B914D5-A580-4C88-A727-2D4F6C43C863}"
EndProject
Project("{2150E333-8FDC-42A3-9474-1A3956D46DE8}") = "2", "2", "{77F1FF92-DC67-4AAA-A1AE-C037410AA7CE}"
EndProject
Project("{8BC9CEB8-8B4A-11D0-8D11-00A0C91BC942}") = "2.1", "2\2.1\2.1.vcxproj", "{DAD03967-AE7B-445E-A010-5088FA0086FA}"
EndProject
Project("{8BC9CEB8-8B4A-11D0-8D11-00A0C91BC942}") = "2.2", "2\2.2\2.2.vcxproj", "{F3173529-AB4D-4CDF-BDA6-250DA91D9765}"
EndProject
Project("{8BC9CEB8-8B4A-11D0-8D11-00A0C91BC942}") = "2.3", "2\2.3\2.3.vcxproj", "{7936A024-B35C-45F6-9415-DACCC678A07C}"
EndProject
Project("{8BC9CEB8-8B4A-11D0-8D11-00A0C91BC942}") = "2.4", "2\2.4\2.4.vcxproj", "{7665F95E-A4AB-4362-AA63-98DAADC7D7C2}"
EndProject
Global
	GlobalSection(SolutionConfigurationPlatforms) = preSolution
		Debug|x64 = Debug|x64
		Debug|x86 = Debug|x86
		Release|x64 = Release|x64
		Release|x86 = Release|x86
	EndGlobalSection
	GlobalSection(ProjectConfigurationPlatforms) = postSolution
		{7A73B4CD-A060-4C04-93B5-AB438421B7F5}.Debug|x64.ActiveCfg = Debug|x64
		{7A73B4CD-A060-4C04-93B5-AB438421B7F5}.Debug|x64.Build.0 = Debug|x64
		{7A73B4CD-A060-4C04-93B5-AB438421B7F5}.Debug|x86.ActiveCfg = Debug|Win32
		{7A73B4CD-A060-4C04-93B5-AB438421B7F5}.Debug|x86.Build.0 = Debug|Win32
		{7A73B4CD-A060-4C04-93B5-AB438421B7F5}.Release|x64.ActiveCfg = Release|x64
		{7A73B4CD-A060-4C04-93B5-AB438421B7F5}.Release|x64.Build.0 = Release|x64
		{7A73B4CD-A060-4C04-93B5-AB438421B7F5}.Release|x86.ActiveCfg = Release|Win32
		{7A73B4CD-A060-4C04-93B5-AB438421B7F5}.Release|x86.Build.0 = Release|Win32
		{D2A58C4B-E648-4EDA-AB6E-6649AB35E44D}.Debug|x64.ActiveCfg = Debug|x64
		{D2A58C4B-E648-4EDA-AB6E-6649AB35E44D}.Debug|x64.Build.0 = Debug|x64
		{D2A58C4B-E648-4EDA-AB6E-6649AB35E44D}.Debug|x86.ActiveCfg = Debug|Win32
		{D2A58C4B-E648-4EDA-AB6E-6649AB35E44D}.Debug|x86.Build.0 = Debug|Win32
		{D2A58C4B-E648-4EDA-AB6E-6649AB35E44D}.Release|x64.ActiveCfg = Release|x64
		{D2A58C4B-E648-4EDA-AB6E-6649AB35E44D}.Release|x64.Build.0 = Release|x64
		{D2A58C4B-E648-4EDA-AB6E-6649AB35E44D}.Release|x86.ActiveCfg = Release|Win32
		{D2A58C4B-E648-4EDA-AB6E-6649AB35E44D}.Release|x86.Build.0 = Release|Win32
		{5969061C-93DF-4784-A58A-13848405E6C3}.Debug|x64.ActiveCfg = Debug|x64
		{5969061C-93DF-4784-A58A-13848405E6C3}.Debug|x64.Build.0 = Debug|x64
		{5969061C-93DF-4784-A58A-13848405E6C3}.Debug|x86.ActiveCfg = Debug|Win32
		{5969061C-93DF-4784-A58A-13848405E6C3}.Debug|x86.Build.0 = Debug|Win32
		{5969061C-93DF-4784-A58A-13848405E6C3}.Release|x64.ActiveCfg = Release|x64
		{5969061C-93DF-4784-A58A-13848405E6C3}.Release|x64.Build.0 = Release|x64
		{5969061C-93DF-4784-A58A-13848405E6C3}.Release|x86.ActiveCfg = Release|Win32
		{5969061C-93DF-4784-A58A-13848405E6C3}.Release|x86.Build.0 = Release|Win32
		{92B914D5-A580-4C88-A727-2D4F6C43C863}.Debug|x64.ActiveCfg = Debug|x64
		{92B914D5-A580-4C88-A727-2D4F6C43C863}.Debug|x64.Build.0 = Debug|x64
		{92B914D5-A580-4C88-A727-2D4F6C43C863}.Debug|x86.ActiveCfg = Debug|Win32
		{92B914D5-A580-4C88-A727-2D4F6C43C863}.Debug|x86.Build.0 = Debug|Win32
		{92B914D5-A580-4C88-A727-2D4F6C43C863}.Release|x64.ActiveCfg = Release|x64
		{92B914D5-A580-4C88-A727-2D4F6C43C863}.Release|x64.Build.0 = Release|x64
		{92B914D5-A580-4C88-A727-2D4F6C43C863}.Release|x86.ActiveCfg = Release|Win32
		{92B914D5-A580-4C88-A727-2D4F6C43C863}.Release|x86.Build.0 = Release|Win32
		{DAD03967-AE7B-445E-A010-5088FA0086FA}.Debug|x64.ActiveCfg = Debug|x64
		{DAD03967-AE7B-445E-A010-5088FA0086FA}.Debug|x64.Build.0 = Debug|x64
		{DAD03967-AE7B-445E-A010-5088FA0086FA}.Debug|x86.ActiveCfg = Debug|Win32
		{DAD03967-AE7B-445E-A010-5088FA0086FA}.Debug|x86.Build.0 = Debug|Win32
		{DAD03967-AE7B-445E-A010-5088FA0086FA}.Release|x64.ActiveCfg = Release|x64
		{DAD03967-AE7B-445E-A010-5088FA0086FA}.Release|x64.Build.0 = Release|x64
		{DAD03967-AE7B-445E-A010-5088FA0086FA}.Release|x86.ActiveCfg = Release|Win32
		{DAD03967-AE7B-445E-A010-5088FA0086FA}.Release|x86.Build.0 = Release|Win32
		{F3173529-AB4D-4CDF-BDA6-250DA91D9765}.Debug|x64.ActiveCfg = Debug|x64
		{F3173529-AB4D-4CDF-BDA6-250DA91D9765}.Debug|x64.Build.0 = Debug|x64
		{F3173529-AB4D-4CDF-BDA6-250DA91D9765}.Debug|x86.ActiveCfg = Debug|Win32
		{F3173529-AB4D-4CDF-BDA6-250DA91D9765}.Debug|x86.Build.0 = Debug|Win32
		{F3173529-AB4D-4CDF-BDA6-250DA91D9765}.Release|x64.ActiveCfg = Release|x64
		{F3173529-AB4D-4CDF-BDA6-250DA91D9765}.Release|x64.Build.0 = Release|x64
		{F3173529-AB4D-4CDF-BDA6-250DA91D9765}.Release|x86.ActiveCfg = Release|Win32
		{F3173529-AB4D-4CDF-BDA6-250DA91D9765}.Release|x86.Build.0 = Release|Win32
		{7936A024-B35C-45F6-9415-DACCC678A07C}.Debug|x64.ActiveCfg = Debug|x64
		{7936A024-B35C-45F6-9415-DACCC678A07C}.Debug|x64.Build.0 = Debug|x64
		{7936A024-B35C-45F6-9415-DACCC678A07C}.Debug|x86.ActiveCfg = Debug|Win32
		{7936A024-B35C-45F6-9415-DACCC678A07C}.Debug|x86.Build.0 = Debug|Win32
		{7936A024-B35C-45F6-9415-DACCC678A07C}.Release|x64.ActiveCfg = Release|x64
		{7936A024-B35C-45F6-9415-DACCC678A07C}.Release|x64.Build.0 = Release|x64
		{7936A024-B35C-45F6-9415-DACCC678A07C}.Release|x86.ActiveCfg = Release|Win32
		{7936A024-B35C-45F6-9415-DACCC678A07C}.Release|x86.Build.0 = Release|Win32
		{7665F95E-A4AB-4362-AA63-98DAADC7D7C2}.Debug|x64.ActiveCfg = Debug|x64
		{7665F95E-A4AB-4362-AA63-98DAADC7D7C2}.Debug|x64.Build.0 = Debug|x64
		{7665F95E-A4AB-4362-AA63-98DAADC7D7C2}.Debug|x86.ActiveCfg = Debug|Win32
		{7665F95E-A4AB-4362-AA63-98DAADC7D7C2}.Debug|x86.Build.0 = Debug|Win32
		{7665F95E-A4AB-4362-AA63-98DAADC7D7C2}.Release|x64.ActiveCfg = Release|x64
		{7665F95E-A4AB-4362-AA63-98DAADC7D7C2}.Release|x64.Build.0 = Release|x64
		{7665F95E-A4AB-4362-AA63-98DAADC7D7C2}.Release|x86.ActiveCfg = Release|Win32
		{7665F95E-A4AB-4362-AA63-98DAADC7D7C2}.Release|x86.Build.0 = Release|Win32
	EndGlobalSection
	GlobalSection(SolutionProperties) = preSolution
		HideSolutionNode = FALSE
	EndGlobalSection
	GlobalSection(NestedProjects) = preSolution
		{7A73B4CD-A060-4C04-93B5-AB438421B7F5} = {02EA681E-C7D8-13C7-8484-4AC65E1B71E8}
		{D2A58C4B-E648-4EDA-AB6E-6649AB35E44D} = {02EA681E-C7D8-13C7-8484-4AC65E1B71E8}
		{5969061C-93DF-4784-A58A-13848405E6C3} = {02EA681E-C7D8-13C7-8484-4AC65E1B71E8}
		{92B914D5-A580-4C88-A727-2D4F6C43C863} = {02EA681E-C7D8-13C7-8484-4AC65E1B71E8}
		{DAD03967-AE7B-445E-A010-5088FA0086FA} = {77F1FF92-DC67-4AAA-A1AE-C037410AA7CE}
		{F3173529-AB4D-4CDF-BDA6-250DA91D9765} = {77F1FF92-DC67-4AAA-A1AE-C037410AA7CE}
		{7936A024-B35C-45F6-9415-DACCC678A07C} = {77F1FF92-DC67-4AAA-A1AE-C037410AA7CE}
		{7665F95E-A4AB-4362-AA63-98DAADC7D7C2} = {77F1FF92-DC67-4AAA-A1AE-C037410AA7CE}
	EndGlobalSection
	GlobalSection(ExtensibilityGlobals) = postSolution
		SolutionGuid = {26D08D31-29C5-4F7F-B266-22813A160F9B}
	EndGlobalSection
EndGlobal
